
Microsoft Visual Studio Solution File, Format Version 11.00
# Visual Studio 2010
Project("{FAE04EC0-301F-11D3-BF4B-00C04F79EFBC}") = "Assembly-CSharp", "Assembly-CSharp.csproj", "{43b8db95-3f0c-a960-7081-271275c4fce9}"
EndProject
Project("{FAE04EC0-301F-11D3-BF4B-00C04F79EFBC}") = "Assembly-CSharp-Editor", "Assembly-CSharp-Editor.csproj", "{acd52f75-1c51-83ac-e8c8-3b70867500ba}"
EndProject
Project("{FAE04EC0-301F-11D3-BF4B-00C04F79EFBC}") = "Assembly-CSharp-firstpass", "Assembly-CSharp-firstpass.csproj", "{d1cc1405-3b13-2cc0-4667-392cadd98f73}"
EndProject
Global
	GlobalSection(SolutionConfigurationPlatforms) = preSolution
		Debug|Any CPU = Debug|Any CPU
	EndGlobalSection
	GlobalSection(ProjectConfigurationPlatforms) = postSolution
		{43b8db95-3f0c-a960-7081-271275c4fce9}.Debug|Any CPU.ActiveCfg = Debug|Any CPU
		{43b8db95-3f0c-a960-7081-271275c4fce9}.Debug|Any CPU.Build.0 = Debug|Any CPU
		{acd52f75-1c51-83ac-e8c8-3b70867500ba}.Debug|Any CPU.ActiveCfg = Debug|Any CPU
		{acd52f75-1c51-83ac-e8c8-3b70867500ba}.Debug|Any CPU.Build.0 = Debug|Any CPU
		{d1cc1405-3b13-2cc0-4667-392cadd98f73}.Debug|Any CPU.ActiveCfg = Debug|Any CPU
		{d1cc1405-3b13-2cc0-4667-392cadd98f73}.Debug|Any CPU.Build.0 = Debug|Any CPU
	EndGlobalSection
	GlobalSection(SolutionProperties) = preSolution
		HideSolutionNode = FALSE
	EndGlobalSection
EndGlobal
